// !$*UTF8*$!
{
	archiveVersion = 1;
	classes = {
	};
	objectVersion = 51;
	objects = {

/* Begin PBXBuildFile section */
		40188D60263C371200B40128 /* AuthButton.swift in Sources */ = {isa = PBXBuildFile; fileRef = 40188D5F263C371200B40128 /* AuthButton.swift */; };
		4036AE0E264282CB005D1C6B /* HomeController.swift in Sources */ = {isa = PBXBuildFile; fileRef = 4036AE0D264282CB005D1C6B /* HomeController.swift */; };
		4053D52C263AAC7600F51F5E /* SignUpController.swift in Sources */ = {isa = PBXBuildFile; fileRef = 4053D52B263AAC7600F51F5E /* SignUpController.swift */; };
		4056DFCB2637FAAD0060A9B4 /* Extensions.swift in Sources */ = {isa = PBXBuildFile; fileRef = 4056DFCA2637FAAD0060A9B4 /* Extensions.swift */; };
		40594A452636A23A00492398 /* AppDelegate.swift in Sources */ = {isa = PBXBuildFile; fileRef = 40594A442636A23A00492398 /* AppDelegate.swift */; };
		40594A472636A23A00492398 /* SceneDelegate.swift in Sources */ = {isa = PBXBuildFile; fileRef = 40594A462636A23A00492398 /* SceneDelegate.swift */; };
		40594A492636A23A00492398 /* ContentView.swift in Sources */ = {isa = PBXBuildFile; fileRef = 40594A482636A23A00492398 /* ContentView.swift */; };
		40594A4B2636A23F00492398 /* Assets.xcassets in Resources */ = {isa = PBXBuildFile; fileRef = 40594A4A2636A23F00492398 /* Assets.xcassets */; };
		40594A4E2636A23F00492398 /* Preview Assets.xcassets in Resources */ = {isa = PBXBuildFile; fileRef = 40594A4D2636A23F00492398 /* Preview Assets.xcassets */; };
		40594A512636A23F00492398 /* LaunchScreen.storyboard in Resources */ = {isa = PBXBuildFile; fileRef = 40594A4F2636A23F00492398 /* LaunchScreen.storyboard */; };
		40594A5F2636A2D000492398 /* LoginController.swift in Sources */ = {isa = PBXBuildFile; fileRef = 40594A5E2636A2D000492398 /* LoginController.swift */; };
		40F1D0E1263FFA4200939373 /* GoogleService-Info.plist in Resources */ = {isa = PBXBuildFile; fileRef = 40F1D0E0263FFA4200939373 /* GoogleService-Info.plist */; };
		A6BA167D3343BEFDE9D14667 /* Pods_UberClone.framework in Frameworks */ = {isa = PBXBuildFile; fileRef = A9E8EE915B7CB21FB8B48C43 /* Pods_UberClone.framework */; };
/* End PBXBuildFile section */

/* Begin PBXFileReference section */
		40188D5F263C371200B40128 /* AuthButton.swift */ = {isa = PBXFileReference; lastKnownFileType = sourcecode.swift; path = AuthButton.swift; sourceTree = "<group>"; };
		4036AE0D264282CB005D1C6B /* HomeController.swift */ = {isa = PBXFileReference; lastKnownFileType = sourcecode.swift; path = HomeController.swift; sourceTree = "<group>"; };
		4053D52B263AAC7600F51F5E /* SignUpController.swift */ = {isa = PBXFileReference; lastKnownFileType = sourcecode.swift; path = SignUpController.swift; sourceTree = "<group>"; };
		4056DFCA2637FAAD0060A9B4 /* Extensions.swift */ = {isa = PBXFileReference; lastKnownFileType = sourcecode.swift; path = Extensions.swift; sourceTree = "<group>"; };
		40594A412636A23A00492398 /* UberClone.app */ = {isa = PBXFileReference; explicitFileType = wrapper.application; includeInIndex = 0; path = UberClone.app; sourceTree = BUILT_PRODUCTS_DIR; };
		40594A442636A23A00492398 /* AppDelegate.swift */ = {isa = PBXFileReference; lastKnownFileType = sourcecode.swift; path = AppDelegate.swift; sourceTree = "<group>"; };
		40594A462636A23A00492398 /* SceneDelegate.swift */ = {isa = PBXFileReference; lastKnownFileType = sourcecode.swift; path = SceneDelegate.swift; sourceTree = "<group>"; };
		40594A482636A23A00492398 /* ContentView.swift */ = {isa = PBXFileReference; lastKnownFileType = sourcecode.swift; path = ContentView.swift; sourceTree = "<group>"; };
		40594A4A2636A23F00492398 /* Assets.xcassets */ = {isa = PBXFileReference; lastKnownFileType = folder.assetcatalog; path = Assets.xcassets; sourceTree = "<group>"; };
		40594A4D2636A23F00492398 /* Preview Assets.xcassets */ = {isa = PBXFileReference; lastKnownFileType = folder.assetcatalog; path = "Preview Assets.xcassets"; sourceTree = "<group>"; };
		40594A502636A23F00492398 /* Base */ = {isa = PBXFileReference; lastKnownFileType = file.storyboard; name = Base; path = Base.lproj/LaunchScreen.storyboard; sourceTree = "<group>"; };
		40594A522636A23F00492398 /* Info.plist */ = {isa = PBXFileReference; lastKnownFileType = text.plist.xml; path = Info.plist; sourceTree = "<group>"; };
		40594A5E2636A2D000492398 /* LoginController.swift */ = {isa = PBXFileReference; lastKnownFileType = sourcecode.swift; path = LoginController.swift; sourceTree = "<group>"; };
		40F1D0E0263FFA4200939373 /* GoogleService-Info.plist */ = {isa = PBXFileReference; fileEncoding = 4; lastKnownFileType = text.plist.xml; name = "GoogleService-Info.plist"; path = "../../../../Downloads/GoogleService-Info.plist"; sourceTree = "<group>"; };
		A768ED671DAB5335EE2DA253 /* Pods-UberClone.debug.xcconfig */ = {isa = PBXFileReference; includeInIndex = 1; lastKnownFileType = text.xcconfig; name = "Pods-UberClone.debug.xcconfig"; path = "Target Support Files/Pods-UberClone/Pods-UberClone.debug.xcconfig"; sourceTree = "<group>"; };
		A9E8EE915B7CB21FB8B48C43 /* Pods_UberClone.framework */ = {isa = PBXFileReference; explicitFileType = wrapper.framework; includeInIndex = 0; path = Pods_UberClone.framework; sourceTree = BUILT_PRODUCTS_DIR; };
		EA0C2E10FB26251BE8E5C483 /* Pods-UberClone.release.xcconfig */ = {isa = PBXFileReference; includeInIndex = 1; lastKnownFileType = text.xcconfig; name = "Pods-UberClone.release.xcconfig"; path = "Target Support Files/Pods-UberClone/Pods-UberClone.release.xcconfig"; sourceTree = "<group>"; };
/* End PBXFileReference section */

/* Begin PBXFrameworksBuildPhase section */
		40594A3E2636A23A00492398 /* Frameworks */ = {
			isa = PBXFrameworksBuildPhase;
			buildActionMask = 2147483647;
			files = (
				A6BA167D3343BEFDE9D14667 /* Pods_UberClone.framework in Frameworks */,
			);
			runOnlyForDeploymentPostprocessing = 0;
		};
/* End PBXFrameworksBuildPhase section */

/* Begin PBXGroup section */
		04BA16CD784BBF3603C721D4 /* Frameworks */ = {
			isa = PBXGroup;
			children = (
				A9E8EE915B7CB21FB8B48C43 /* Pods_UberClone.framework */,
			);
			name = Frameworks;
			sourceTree = "<group>";
		};
		40594A382636A23A00492398 = {
			isa = PBXGroup;
			children = (
				40594A432636A23A00492398 /* UberClone */,
				40594A422636A23A00492398 /* Products */,
				6A076DC56B7BC0AE0BC61F65 /* Pods */,
				04BA16CD784BBF3603C721D4 /* Frameworks */,
			);
			sourceTree = "<group>";
		};
		40594A422636A23A00492398 /* Products */ = {
			isa = PBXGroup;
			children = (
				40594A412636A23A00492398 /* UberClone.app */,
			);
			name = Products;
			sourceTree = "<group>";
		};
		40594A432636A23A00492398 /* UberClone */ = {
			isa = PBXGroup;
			children = (
				40594A5D2636A2AA00492398 /* Utils */,
				40594A5C2636A29900492398 /* Service */,
				40594A5B2636A27C00492398 /* View */,
				40594A5A2636A27800492398 /* Controller */,
				40594A592636A27200492398 /* Model */,
				40594A442636A23A00492398 /* AppDelegate.swift */,
				40594A462636A23A00492398 /* SceneDelegate.swift */,
				40594A482636A23A00492398 /* ContentView.swift */,
				40594A4A2636A23F00492398 /* Assets.xcassets */,
				40594A4F2636A23F00492398 /* LaunchScreen.storyboard */,
				40F1D0E0263FFA4200939373 /* GoogleService-Info.plist */,
				40594A522636A23F00492398 /* Info.plist */,
				40594A4C2636A23F00492398 /* Preview Content */,
			);
			path = UberClone;
			sourceTree = "<group>";
		};
		40594A4C2636A23F00492398 /* Preview Content */ = {
			isa = PBXGroup;
			children = (
				40594A4D2636A23F00492398 /* Preview Assets.xcassets */,
			);
			path = "Preview Content";
			sourceTree = "<group>";
		};
		40594A592636A27200492398 /* Model */ = {
			isa = PBXGroup;
			children = (
			);
			path = Model;
			sourceTree = "<group>";
		};
		40594A5A2636A27800492398 /* Controller */ = {
			isa = PBXGroup;
			children = (
				40594A5E2636A2D000492398 /* LoginController.swift */,
				4053D52B263AAC7600F51F5E /* SignUpController.swift */,
				4036AE0D264282CB005D1C6B /* HomeController.swift */,
			);
			path = Controller;
			sourceTree = "<group>";
		};
		40594A5B2636A27C00492398 /* View */ = {
			isa = PBXGroup;
			children = (
				40188D5F263C371200B40128 /* AuthButton.swift */,
			);
			path = View;
			sourceTree = "<group>";
		};
		40594A5C2636A29900492398 /* Service */ = {
			isa = PBXGroup;
			children = (
			);
			name = Service;
			sourceTree = "<group>";
		};
		40594A5D2636A2AA00492398 /* Utils */ = {
			isa = PBXGroup;
			children = (
				4056DFCA2637FAAD0060A9B4 /* Extensions.swift */,
			);
			path = Utils;
			sourceTree = "<group>";
		};
		6A076DC56B7BC0AE0BC61F65 /* Pods */ = {
			isa = PBXGroup;
			children = (
				A768ED671DAB5335EE2DA253 /* Pods-UberClone.debug.xcconfig */,
				EA0C2E10FB26251BE8E5C483 /* Pods-UberClone.release.xcconfig */,
			);
			path = Pods;
			sourceTree = "<group>";
		};
/* End PBXGroup section */

/* Begin PBXNativeTarget section */
		40594A402636A23A00492398 /* UberClone */ = {
			isa = PBXNativeTarget;
			buildConfigurationList = 40594A552636A24000492398 /* Build configuration list for PBXNativeTarget "UberClone" */;
			buildPhases = (
				38B7A7AEE682CE5FD814BB47 /* [CP] Check Pods Manifest.lock */,
				40594A3D2636A23A00492398 /* Sources */,
				40594A3E2636A23A00492398 /* Frameworks */,
				40594A3F2636A23A00492398 /* Resources */,
				15ECF1EB851C06434182FAE0 /* [CP] Embed Pods Frameworks */,
			);
			buildRules = (
			);
			dependencies = (
			);
			name = UberClone;
			productName = UberClone;
			productReference = 40594A412636A23A00492398 /* UberClone.app */;
			productType = "com.apple.product-type.application";
		};
/* End PBXNativeTarget section */

/* Begin PBXProject section */
		40594A392636A23A00492398 /* Project object */ = {
			isa = PBXProject;
			attributes = {
				LastSwiftUpdateCheck = 1240;
				LastUpgradeCheck = 1240;
				TargetAttributes = {
					40594A402636A23A00492398 = {
						CreatedOnToolsVersion = 12.4;
					};
				};
			};
			buildConfigurationList = 40594A3C2636A23A00492398 /* Build configuration list for PBXProject "UberClone" */;
			compatibilityVersion = "Xcode 9.3";
			developmentRegion = en;
			hasScannedForEncodings = 0;
			knownRegions = (
				en,
				Base,
			);
			mainGroup = 40594A382636A23A00492398;
			productRefGroup = 40594A422636A23A00492398 /* Products */;
			projectDirPath = "";
			projectRoot = "";
			targets = (
				40594A402636A23A00492398 /* UberClone */,
			);
		};
/* End PBXProject section */

/* Begin PBXResourcesBuildPhase section */
		40594A3F2636A23A00492398 /* Resources */ = {
			isa = PBXResourcesBuildPhase;
			buildActionMask = 2147483647;
			files = (
				40594A512636A23F00492398 /* LaunchScreen.storyboard in Resources */,
				40F1D0E1263FFA4200939373 /* GoogleService-Info.plist in Resources */,
				40594A4E2636A23F00492398 /* Preview Assets.xcassets in Resources */,
				40594A4B2636A23F00492398 /* Assets.xcassets in Resources */,
			);
			runOnlyForDeploymentPostprocessing = 0;
		};
/* End PBXResourcesBuildPhase section */

/* Begin PBXShellScriptBuildPhase section */
		15ECF1EB851C06434182FAE0 /* [CP] Embed Pods Frameworks */ = {
			isa = PBXShellScriptBuildPhase;
			buildActionMask = 2147483647;
			files = (
			);
			inputFileListPaths = (
				"${PODS_ROOT}/Target Support Files/Pods-UberClone/Pods-UberClone-frameworks-${CONFIGURATION}-input-files.xcfilelist",
			);
			name = "[CP] Embed Pods Frameworks";
			outputFileListPaths = (
				"${PODS_ROOT}/Target Support Files/Pods-UberClone/Pods-UberClone-frameworks-${CONFIGURATION}-output-files.xcfilelist",
			);
			runOnlyForDeploymentPostprocessing = 0;
			shellPath = /bin/sh;
			shellScript = "\"${PODS_ROOT}/Target Support Files/Pods-UberClone/Pods-UberClone-frameworks.sh\"\n";
			showEnvVarsInLog = 0;
		};
		38B7A7AEE682CE5FD814BB47 /* [CP] Check Pods Manifest.lock */ = {
			isa = PBXShellScriptBuildPhase;
			buildActionMask = 2147483647;
			files = (
			);
			inputFileListPaths = (
			);
			inputPaths = (
				"${PODS_PODFILE_DIR_PATH}/Podfile.lock",
				"${PODS_ROOT}/Manifest.lock",
			);
			name = "[CP] Check Pods Manifest.lock";
			outputFileListPaths = (
			);
			outputPaths = (
				"$(DERIVED_FILE_DIR)/Pods-UberClone-checkManifestLockResult.txt",
			);
			runOnlyForDeploymentPostprocessing = 0;
			shellPath = /bin/sh;
			shellScript = "diff \"${PODS_PODFILE_DIR_PATH}/Podfile.lock\" \"${PODS_ROOT}/Manifest.lock\" > /dev/null\nif [ $? != 0 ] ; then\n    # print error to STDERR\n    echo \"error: The sandbox is not in sync with the Podfile.lock. Run 'pod install' or update your CocoaPods installation.\" >&2\n    exit 1\nfi\n# This output is used by Xcode 'outputs' to avoid re-running this script phase.\necho \"SUCCESS\" > \"${SCRIPT_OUTPUT_FILE_0}\"\n";
			showEnvVarsInLog = 0;
		};
/* End PBXShellScriptBuildPhase section */

/* Begin PBXSourcesBuildPhase section */
		40594A3D2636A23A00492398 /* Sources */ = {
			isa = PBXSourcesBuildPhase;
			buildActionMask = 2147483647;
			files = (
				4056DFCB2637FAAD0060A9B4 /* Extensions.swift in Sources */,
				40188D60263C371200B40128 /* AuthButton.swift in Sources */,
				40594A452636A23A00492398 /* AppDelegate.swift in Sources */,
				40594A5F2636A2D000492398 /* LoginController.swift in Sources */,
				4036AE0E264282CB005D1C6B /* HomeController.swift in Sources */,
				40594A472636A23A00492398 /* SceneDelegate.swift in Sources */,
				40594A492636A23A00492398 /* ContentView.swift in Sources */,
				4053D52C263AAC7600F51F5E /* SignUpController.swift in Sources */,
			);
			runOnlyForDeploymentPostprocessing = 0;
		};
/* End PBXSourcesBuildPhase section */

/* Begin PBXVariantGroup section */
		40594A4F2636A23F00492398 /* LaunchScreen.storyboard */ = {
			isa = PBXVariantGroup;
			children = (
				40594A502636A23F00492398 /* Base */,
			);
			name = LaunchScreen.storyboard;
			sourceTree = "<group>";
		};
/* End PBXVariantGroup section */

/* Begin XCBuildConfiguration section */
		40594A532636A24000492398 /* Debug */ = {
			isa = XCBuildConfiguration;
			buildSettings = {
				ALWAYS_SEARCH_USER_PATHS = NO;
				CLANG_ANALYZER_NONNULL = YES;
				CLANG_ANALYZER_NUMBER_OBJECT_CONVERSION = YES_AGGRESSIVE;
				CLANG_CXX_LANGUAGE_STANDARD = "gnu++14";
				CLANG_CXX_LIBRARY = "libc++";
				CLANG_ENABLE_MODULES = YES;
				CLANG_ENABLE_OBJC_ARC = YES;
				CLANG_ENABLE_OBJC_WEAK = YES;
				CLANG_WARN_BLOCK_CAPTURE_AUTORELEASING = YES;
				CLANG_WARN_BOOL_CONVERSION = YES;
				CLANG_WARN_COMMA = YES;
				CLANG_WARN_CONSTANT_CONVERSION = YES;
				CLANG_WARN_DEPRECATED_OBJC_IMPLEMENTATIONS = YES;
				CLANG_WARN_DIRECT_OBJC_ISA_USAGE = YES_ERROR;
				CLANG_WARN_DOCUMENTATION_COMMENTS = YES;
				CLANG_WARN_EMPTY_BODY = YES;
				CLANG_WARN_ENUM_CONVERSION = YES;
				CLANG_WARN_INFINITE_RECURSION = YES;
				CLANG_WARN_INT_CONVERSION = YES;
				CLANG_WARN_NON_LITERAL_NULL_CONVERSION = YES;
				CLANG_WARN_OBJC_IMPLICIT_RETAIN_SELF = YES;
				CLANG_WARN_OBJC_LITERAL_CONVERSION = YES;
				CLANG_WARN_OBJC_ROOT_CLASS = YES_ERROR;
				CLANG_WARN_QUOTED_INCLUDE_IN_FRAMEWORK_HEADER = YES;
				CLANG_WARN_RANGE_LOOP_ANALYSIS = YES;
				CLANG_WARN_STRICT_PROTOTYPES = YES;
				CLANG_WARN_SUSPICIOUS_MOVE = YES;
				CLANG_WARN_UNGUARDED_AVAILABILITY = YES_AGGRESSIVE;
				CLANG_WARN_UNREACHABLE_CODE = YES;
				CLANG_WARN__DUPLICATE_METHOD_MATCH = YES;
				COPY_PHASE_STRIP = NO;
				DEBUG_INFORMATION_FORMAT = dwarf;
				ENABLE_STRICT_OBJC_MSGSEND = YES;
				ENABLE_TESTABILITY = YES;
				GCC_C_LANGUAGE_STANDARD = gnu11;
				GCC_DYNAMIC_NO_PIC = NO;
				GCC_NO_COMMON_BLOCKS = YES;
				GCC_OPTIMIZATION_LEVEL = 0;
				GCC_PREPROCESSOR_DEFINITIONS = (
					"DEBUG=1",
					"$(inherited)",
				);
				GCC_WARN_64_TO_32_BIT_CONVERSION = YES;
				GCC_WARN_ABOUT_RETURN_TYPE = YES_ERROR;
				GCC_WARN_UNDECLARED_SELECTOR = YES;
				GCC_WARN_UNINITIALIZED_AUTOS = YES_AGGRESSIVE;
				GCC_WARN_UNUSED_FUNCTION = YES;
				GCC_WARN_UNUSED_VARIABLE = YES;
				IPHONEOS_DEPLOYMENT_TARGET = 14.4;
				MTL_ENABLE_DEBUG_INFO = INCLUDE_SOURCE;
				MTL_FAST_MATH = YES;
				ONLY_ACTIVE_ARCH = YES;
				SDKROOT = iphoneos;
				SWIFT_ACTIVE_COMPILATION_CONDITIONS = DEBUG;
				SWIFT_OPTIMIZATION_LEVEL = "-Onone";
			};
			name = Debug;
		};
		40594A542636A24000492398 /* Release */ = {
			isa = XCBuildConfiguration;
			buildSettings = {
				ALWAYS_SEARCH_USER_PATHS = NO;
				CLANG_ANALYZER_NONNULL = YES;
				CLANG_ANALYZER_NUMBER_OBJECT_CONVERSION = YES_AGGRESSIVE;
				CLANG_CXX_LANGUAGE_STANDARD = "gnu++14";
				CLANG_CXX_LIBRARY = "libc++";
				CLANG_ENABLE_MODULES = YES;
				CLANG_ENABLE_OBJC_ARC = YES;
				CLANG_ENABLE_OBJC_WEAK = YES;
				CLANG_WARN_BLOCK_CAPTURE_AUTORELEASING = YES;
				CLANG_WARN_BOOL_CONVERSION = YES;
				CLANG_WARN_COMMA = YES;
				CLANG_WARN_CONSTANT_CONVERSION = YES;
				CLANG_WARN_DEPRECATED_OBJC_IMPLEMENTATIONS = YES;
				CLANG_WARN_DIRECT_OBJC_ISA_USAGE = YES_ERROR;
				CLANG_WARN_DOCUMENTATION_COMMENTS = YES;
				CLANG_WARN_EMPTY_BODY = YES;
				CLANG_WARN_ENUM_CONVERSION = YES;
				CLANG_WARN_INFINITE_RECURSION = YES;
				CLANG_WARN_INT_CONVERSION = YES;
				CLANG_WARN_NON_LITERAL_NULL_CONVERSION = YES;
				CLANG_WARN_OBJC_IMPLICIT_RETAIN_SELF = YES;
				CLANG_WARN_OBJC_LITERAL_CONVERSION = YES;
				CLANG_WARN_OBJC_ROOT_CLASS = YES_ERROR;
				CLANG_WARN_QUOTED_INCLUDE_IN_FRAMEWORK_HEADER = YES;
				CLANG_WARN_RANGE_LOOP_ANALYSIS = YES;
				CLANG_WARN_STRICT_PROTOTYPES = YES;
				CLANG_WARN_SUSPICIOUS_MOVE = YES;
				CLANG_WARN_UNGUARDED_AVAILABILITY = YES_AGGRESSIVE;
				CLANG_WARN_UNREACHABLE_CODE = YES;
				CLANG_WARN__DUPLICATE_METHOD_MATCH = YES;
				COPY_PHASE_STRIP = NO;
				DEBUG_INFORMATION_FORMAT = "dwarf-with-dsym";
				ENABLE_NS_ASSERTIONS = NO;
				ENABLE_STRICT_OBJC_MSGSEND = YES;
				GCC_C_LANGUAGE_STANDARD = gnu11;
				GCC_NO_COMMON_BLOCKS = YES;
				GCC_WARN_64_TO_32_BIT_CONVERSION = YES;
				GCC_WARN_ABOUT_RETURN_TYPE = YES_ERROR;
				GCC_WARN_UNDECLARED_SELECTOR = YES;
				GCC_WARN_UNINITIALIZED_AUTOS = YES_AGGRESSIVE;
				GCC_WARN_UNUSED_FUNCTION = YES;
				GCC_WARN_UNUSED_VARIABLE = YES;
				IPHONEOS_DEPLOYMENT_TARGET = 14.4;
				MTL_ENABLE_DEBUG_INFO = NO;
				MTL_FAST_MATH = YES;
				SDKROOT = iphoneos;
				SWIFT_COMPILATION_MODE = wholemodule;
				SWIFT_OPTIMIZATION_LEVEL = "-O";
				VALIDATE_PRODUCT = YES;
			};
			name = Release;
		};
		40594A562636A24000492398 /* Debug */ = {
			isa = XCBuildConfiguration;
			baseConfigurationReference = A768ED671DAB5335EE2DA253 /* Pods-UberClone.debug.xcconfig */;
			buildSettings = {
				ASSETCATALOG_COMPILER_APPICON_NAME = AppIcon;
				ASSETCATALOG_COMPILER_GLOBAL_ACCENT_COLOR_NAME = AccentColor;
				CODE_SIGN_STYLE = Automatic;
				DEVELOPMENT_ASSET_PATHS = "\"UberClone/Preview Content\"";
				DEVELOPMENT_TEAM = 336TZN64PG;
				ENABLE_PREVIEWS = YES;
				INFOPLIST_FILE = UberClone/Info.plist;
				LD_RUNPATH_SEARCH_PATHS = (
					"$(inherited)",
					"@executable_path/Frameworks",
				);
				PRODUCT_BUNDLE_IDENTIFIER = com.thisisstreamliner.UberClone;
				PRODUCT_NAME = "$(TARGET_NAME)";
				SWIFT_VERSION = 5.0;
				TARGETED_DEVICE_FAMILY = "1,2";
			};
			name = Debug;
		};
		40594A572636A24000492398 /* Release */ = {
			isa = XCBuildConfiguration;
			baseConfigurationReference = EA0C2E10FB26251BE8E5C483 /* Pods-UberClone.release.xcconfig */;
			buildSettings = {
				ASSETCATALOG_COMPILER_APPICON_NAME = AppIcon;
				ASSETCATALOG_COMPILER_GLOBAL_ACCENT_COLOR_NAME = AccentColor;
				CODE_SIGN_STYLE = Automatic;
				DEVELOPMENT_ASSET_PATHS = "\"UberClone/Preview Content\"";
				DEVELOPMENT_TEAM = 336TZN64PG;
				ENABLE_PREVIEWS = YES;
				INFOPLIST_FILE = UberClone/Info.plist;
				LD_RUNPATH_SEARCH_PATHS = (
					"$(inherited)",
					"@executable_path/Frameworks",
				);
				PRODUCT_BUNDLE_IDENTIFIER = com.thisisstreamliner.UberClone;
				PRODUCT_NAME = "$(TARGET_NAME)";
				SWIFT_VERSION = 5.0;
				TARGETED_DEVICE_FAMILY = "1,2";
			};
			name = Release;
		};
/* End XCBuildConfiguration section */

/* Begin XCConfigurationList section */
		40594A3C2636A23A00492398 /* Build configuration list for PBXProject "UberClone" */ = {
			isa = XCConfigurationList;
			buildConfigurations = (
				40594A532636A24000492398 /* Debug */,
				40594A542636A24000492398 /* Release */,
			);
			defaultConfigurationIsVisible = 0;
			defaultConfigurationName = Release;
		};
		40594A552636A24000492398 /* Build configuration list for PBXNativeTarget "UberClone" */ = {
			isa = XCConfigurationList;
			buildConfigurations = (
				40594A562636A24000492398 /* Debug */,
				40594A572636A24000492398 /* Release */,
			);
			defaultConfigurationIsVisible = 0;
			defaultConfigurationName = Release;
		};
/* End XCConfigurationList section */
	};
	rootObject = 40594A392636A23A00492398 /* Project object */;
}
